
Microsoft Visual Studio Solution File, Format Version 12.00
# Visual Studio 15
VisualStudioVersion = 15.0.27428.2037
MinimumVisualStudioVersion = 10.0.40219.1
Project("{8BC9CEB8-8B4A-11D0-8D11-00A0C91BC942}") = "HackLLK", "HackLLK\HackLLK.vcxproj", "{CA512E50-202A-46FE-90C1-4282265ED53B}"
EndProject
Global
	GlobalSection(SolutionConfigurationPlatforms) = preSolution
		Debug|x64 = Debug|x64
		Debug|x86 = Debug|x86
		Release|x64 = Release|x64
		Release|x86 = Release|x86
	EndGlobalSection
	GlobalSection(ProjectConfigurationPlatforms) = postSolution
		{CA512E50-202A-46FE-90C1-4282265ED53B}.Debug|x64.ActiveCfg = Debug|x64
		{CA512E50-202A-46FE-90C1-4282265ED53B}.Debug|x64.Build.0 = Debug|x64
		{CA512E50-202A-46FE-90C1-4282265ED53B}.Debug|x86.ActiveCfg = Debug|Win32
		{CA512E50-202A-46FE-90C1-4282265ED53B}.Debug|x86.Build.0 = Debug|Win32
		{CA512E50-202A-46FE-90C1-4282265ED53B}.Release|x64.ActiveCfg = Release|x64
		{CA512E50-202A-46FE-90C1-4282265ED53B}.Release|x64.Build.0 = Release|x64
		{CA512E50-202A-46FE-90C1-4282265ED53B}.Release|x86.ActiveCfg = Release|Win32
		{CA512E50-202A-46FE-90C1-4282265ED53B}.Release|x86.Build.0 = Release|Win32
	EndGlobalSection
	GlobalSection(SolutionProperties) = preSolution
		HideSolutionNode = FALSE
	EndGlobalSection
	GlobalSection(ExtensibilityGlobals) = postSolution
		SolutionGuid = {C445AF80-19D0-47FB-92ED-4A74FA280753}
	EndGlobalSection
EndGlobal
